langcode: en
status: true
dependencies:
  module:
    - system
    - wxt_library
  theme:
    - wxt_bootstrap
third_party_settings:
  block_class:
    classes: 'col-sm-5 col-lg-6'
id: sharewidgetblock
theme: wxt_bootstrap
region: content_footer
weight: -8
provider: null
plugin: share_widget_block
settings:
  id: share_widget_block
  label: 'Share widget block'
  provider: wxt_library
  label_display: '0'
  share_widget:
    blogger: blogger
    diigo: diigo
    email: email
    facebook: facebook
    gmail: gmail
    linkedin: linkedin
    myspace: myspace
    pinterest: pinterest
    reddit: reddit
    tinyurl: tinyurl
    tumblr: tumblr
    twitter: twitter
    whatsapp: whatsapp
    yahoomail: yahoomail
visibility: {  }
