langcode: en
status: true
dependencies:
  module:
    - system
    - wxt_library
  theme:
    - wxt_bootstrap
third_party_settings:
  block_class:
    classes: 'col-sm-4 col-md-3 col-sm-offset-2 col-md-offset-4 col-lg-offset-5'
id: sharewidgetblock
theme: wxt_bootstrap
region: content_footer
weight: -8
provider: null
plugin: share_widget_block
settings:
  id: share_widget_block
  label: 'Share widget block'
  provider: wxt_library
  label_display: '0'
  share_widget:
    facebook: facebook
    gmail: gmail
    twitter: twitter
visibility:
  panels_title:
    id: panels_title
    enabled: 0
    negate: false
    context_mapping: {  }
